
Microsoft Visual Studio Solution File, Format Version 12.00
# Visual Studio 15
VisualStudioVersion = 15.0.27130.2010
MinimumVisualStudioVersion = 10.0.40219.1
Project("{FAE04EC0-301F-11D3-BF4B-00C04F79EFBC}") = "BinaryTree_LinkSameLevel", "BinaryTree_LinkSameLevel\BinaryTree_LinkSameLevel.csproj", "{A797F111-F2A4-466C-8F50-9A30553A58FD}"
EndProject
Global
	GlobalSection(SolutionConfigurationPlatforms) = preSolution
		Debug|Any CPU = Debug|Any CPU
		Release|Any CPU = Release|Any CPU
	EndGlobalSection
	GlobalSection(ProjectConfigurationPlatforms) = postSolution
		{A797F111-F2A4-466C-8F50-9A30553A58FD}.Debug|Any CPU.ActiveCfg = Debug|Any CPU
		{A797F111-F2A4-466C-8F50-9A30553A58FD}.Debug|Any CPU.Build.0 = Debug|Any CPU
		{A797F111-F2A4-466C-8F50-9A30553A58FD}.Release|Any CPU.ActiveCfg = Release|Any CPU
		{A797F111-F2A4-466C-8F50-9A30553A58FD}.Release|Any CPU.Build.0 = Release|Any CPU
	EndGlobalSection
	GlobalSection(SolutionProperties) = preSolution
		HideSolutionNode = FALSE
	EndGlobalSection
	GlobalSection(ExtensibilityGlobals) = postSolution
		SolutionGuid = {3805FE97-B853-44EC-83CF-F63A9D238312}
	EndGlobalSection
EndGlobal
